# This file is automatically @generated by Cargo.
# It is not intended for manual editing.
version = 4

[[package]]
name = "hw-no-std-no-main"
version = "0.1.0"
dependencies = [
 "syscalls",
]

[[package]]
name = "syscalls"
version = "0.7.0"
source = "registry+https://github.com/rust-lang/crates.io-index"
checksum = "90db46b5b4962319605d435986c775ea45a0ad2561c09e1d5372b89afeb49cf4"
